// !$*UTF8*$!
{
	archiveVersion = 1;
	classes = {
	};
	objectVersion = 77;
	objects = {

/* Begin PBXBuildFile section */
		3F632BBD2F8634FF00D22B79 /* FirebaseAuth in Frameworks */ = {isa = PBXBuildFile; productRef = 3F632BBC2F8634FF00D22B79 /* FirebaseAuth */; };
		3F632BBF2F8634FF00D22B79 /* FirebaseCore in Frameworks */ = {isa = PBXBuildFile; productRef = 3F632BBE2F8634FF00D22B79 /* FirebaseCore */; };
		3F632BC12F8634FF00D22B79 /* FirebaseFirestore in Frameworks */ = {isa = PBXBuildFile; productRef = 3F632BC02F8634FF00D22B79 /* FirebaseFirestore */; };
		3F8D3BCA2F87CED9005A7F6B /* HealthKitManager.swift in Sources */ = {isa = PBXBuildFile; fileRef = 3F8D3BC92F87CED9005A7F6B /* HealthKitManager.swift */; };
		3FC7C2D82F886C1500CC61A3 /* ProfileStore.swift in Sources */ = {isa = PBXBuildFile; fileRef = 3FC7C2D72F886C1500CC61A3 /* ProfileStore.swift */; };
/* End PBXBuildFile section */

/* Begin PBXContainerItemProxy section */
		3F632B842F862E8000D22B79 /* PBXContainerItemProxy */ = {
			isa = PBXContainerItemProxy;
			containerPortal = 3F632B6B2F862E7F00D22B79 /* Project object */;
			proxyType = 1;
			remoteGlobalIDString = 3F632B722F862E7F00D22B79;
			remoteInfo = "FYTRR 2026";
		};
		3F632B8E2F862E8000D22B79 /* PBXContainerItemProxy */ = {
			isa = PBXContainerItemProxy;
			containerPortal = 3F632B6B2F862E7F00D22B79 /* Project object */;
			proxyType = 1;
			remoteGlobalIDString = 3F632B722F862E7F00D22B79;
			remoteInfo = "FYTRR 2026";
		};
/* End PBXContainerItemProxy section */

/* Begin PBXFileReference section */
		3F632B732F862E7F00D22B79 /* FYTRR 2026.app */ = {isa = PBXFileReference; explicitFileType = wrapper.application; includeInIndex = 0; path = "FYTRR 2026.app"; sourceTree = BUILT_PRODUCTS_DIR; };
		3F632B832F862E8000D22B79 /* FYTRR 2026Tests.xctest */ = {isa = PBXFileReference; explicitFileType = wrapper.cfbundle; includeInIndex = 0; path = "FYTRR 2026Tests.xctest"; sourceTree = BUILT_PRODUCTS_DIR; };
		3F632B8D2F862E8000D22B79 /* FYTRR 2026UITests.xctest */ = {isa = PBXFileReference; explicitFileType = wrapper.cfbundle; includeInIndex = 0; path = "FYTRR 2026UITests.xctest"; sourceTree = BUILT_PRODUCTS_DIR; };
		3F8D3BC92F87CED9005A7F6B /* HealthKitManager.swift */ = {isa = PBXFileReference; lastKnownFileType = sourcecode.swift; path = HealthKitManager.swift; sourceTree = "<group>"; };
		3FC7C2D72F886C1500CC61A3 /* ProfileStore.swift */ = {isa = PBXFileReference; lastKnownFileType = sourcecode.swift; path = ProfileStore.swift; sourceTree = "<group>"; };
/* End PBXFileReference section */

/* Begin PBXFileSystemSynchronizedBuildFileExceptionSet section */
		3F632BCB2F863E1D00D22B79 /* Exceptions for "FYTRR 2026" folder in "FYTRR 2026" target */ = {
			isa = PBXFileSystemSynchronizedBuildFileExceptionSet;
			platformFiltersByRelativePath = {
				"GoogleService-Info.plist" = (ios, );
			};
			target = 3F632B722F862E7F00D22B79 /* FYTRR 2026 */;
		};
/* End PBXFileSystemSynchronizedBuildFileExceptionSet section */

/* Begin PBXFileSystemSynchronizedRootGroup section */
		3F632B752F862E7F00D22B79 /* FYTRR 2026 */ = {
			isa = PBXFileSystemSynchronizedRootGroup;
			exceptions = (
				3F632BCB2F863E1D00D22B79 /* Exceptions for "FYTRR 2026" folder in "FYTRR 2026" target */,
			);
			path = "FYTRR 2026";
			sourceTree = "<group>";
		};
		3F632B862F862E8000D22B79 /* FYTRR 2026Tests */ = {
			isa = PBXFileSystemSynchronizedRootGroup;
			path = "FYTRR 2026Tests";
			sourceTree = "<group>";
		};
		3F632B902F862E8000D22B79 /* FYTRR 2026UITests */ = {
			isa = PBXFileSystemSynchronizedRootGroup;
			path = "FYTRR 2026UITests";
			sourceTree = "<group>";
		};
/* End PBXFileSystemSynchronizedRootGroup section */

/* Begin PBXFrameworksBuildPhase section */
		3F632B702F862E7F00D22B79 /* Frameworks */ = {
			isa = PBXFrameworksBuildPhase;
			buildActionMask = 2147483647;
			files = (
				3F632BC12F8634FF00D22B79 /* FirebaseFirestore in Frameworks */,
				3F632BBF2F8634FF00D22B79 /* FirebaseCore in Frameworks */,
				3F632BBD2F8634FF00D22B79 /* FirebaseAuth in Frameworks */,
			);
			runOnlyForDeploymentPostprocessing = 0;
		};
		3F632B802F862E8000D22B79 /* Frameworks */ = {
			isa = PBXFrameworksBuildPhase;
			buildActionMask = 2147483647;
			files = (
			);
			runOnlyForDeploymentPostprocessing = 0;
		};
		3F632B8A2F862E8000D22B79 /* Frameworks */ = {
			isa = PBXFrameworksBuildPhase;
			buildActionMask = 2147483647;
			files = (
			);
			runOnlyForDeploymentPostprocessing = 0;
		};
/* End PBXFrameworksBuildPhase section */

/* Begin PBXGroup section */
		3F632B6A2F862E7F00D22B79 = {
			isa = PBXGroup;
			children = (
				3F632B752F862E7F00D22B79 /* FYTRR 2026 */,
				3F632B862F862E8000D22B79 /* FYTRR 2026Tests */,
				3F632B902F862E8000D22B79 /* FYTRR 2026UITests */,
				3F632B742F862E7F00D22B79 /* Products */,
				3F8D3BC92F87CED9005A7F6B /* HealthKitManager.swift */,
				3FC7C2D72F886C1500CC61A3 /* ProfileStore.swift */,
			);
			sourceTree = "<group>";
		};
		3F632B742F862E7F00D22B79 /* Products */ = {
			isa = PBXGroup;
			children = (
				3F632B732F862E7F00D22B79 /* FYTRR 2026.app */,
				3F632B832F862E8000D22B79 /* FYTRR 2026Tests.xctest */,
				3F632B8D2F862E8000D22B79 /* FYTRR 2026UITests.xctest */,
			);
			name = Products;
			sourceTree = "<group>";
		};
/* End PBXGroup section */

/* Begin PBXNativeTarget section */
		3F632B722F862E7F00D22B79 /* FYTRR 2026 */ = {
			isa = PBXNativeTarget;
			buildConfigurationList = 3F632B972F862E8000D22B79 /* Build configuration list for PBXNativeTarget "FYTRR 2026" */;
			buildPhases = (
				3F632B6F2F862E7F00D22B79 /* Sources */,
				3F632B702F862E7F00D22B79 /* Frameworks */,
				3F632B712F862E7F00D22B79 /* Resources */,
			);
			buildRules = (
			);
			dependencies = (
			);
			fileSystemSynchronizedGroups = (
				3F632B752F862E7F00D22B79 /* FYTRR 2026 */,
			);
			name = "FYTRR 2026";
			packageProductDependencies = (
				3F632BBC2F8634FF00D22B79 /* FirebaseAuth */,
				3F632BBE2F8634FF00D22B79 /* FirebaseCore */,
				3F632BC02F8634FF00D22B79 /* FirebaseFirestore */,
			);
			productName = "FYTRR 2026";
			productReference = 3F632B732F862E7F00D22B79 /* FYTRR 2026.app */;
			productType = "com.apple.product-type.application";
		};
		3F632B822F862E8000D22B79 /* FYTRR 2026Tests */ = {
			isa = PBXNativeTarget;
			buildConfigurationList = 3F632B9A2F862E8000D22B79 /* Build configuration list for PBXNativeTarget "FYTRR 2026Tests" */;
			buildPhases = (
				3F632B7F2F862E8000D22B79 /* Sources */,
				3F632B802F862E8000D22B79 /* Frameworks */,
				3F632B812F862E8000D22B79 /* Resources */,
			);
			buildRules = (
			);
			dependencies = (
				3F632B852F862E8000D22B79 /* PBXTargetDependency */,
			);
			fileSystemSynchronizedGroups = (
				3F632B862F862E8000D22B79 /* FYTRR 2026Tests */,
			);
			name = "FYTRR 2026Tests";
			packageProductDependencies = (
			);
			productName = "FYTRR 2026Tests";
			productReference = 3F632B832F862E8000D22B79 /* FYTRR 2026Tests.xctest */;
			productType = "com.apple.product-type.bundle.unit-test";
		};
		3F632B8C2F862E8000D22B79 /* FYTRR 2026UITests */ = {
			isa = PBXNativeTarget;
			buildConfigurationList = 3F632B9D2F862E8000D22B79 /* Build configuration list for PBXNativeTarget "FYTRR 2026UITests" */;
			buildPhases = (
				3F632B892F862E8000D22B79 /* Sources */,
				3F632B8A2F862E8000D22B79 /* Frameworks */,
				3F632B8B2F862E8000D22B79 /* Resources */,
			);
			buildRules = (
			);
			dependencies = (
				3F632B8F2F862E8000D22B79 /* PBXTargetDependency */,
			);
			fileSystemSynchronizedGroups = (
				3F632B902F862E8000D22B79 /* FYTRR 2026UITests */,
			);
			name = "FYTRR 2026UITests";
			packageProductDependencies = (
			);
			productName = "FYTRR 2026UITests";
			productReference = 3F632B8D2F862E8000D22B79 /* FYTRR 2026UITests.xctest */;
			productType = "com.apple.product-type.bundle.ui-testing";
		};
/* End PBXNativeTarget section */

/* Begin PBXProject section */
		3F632B6B2F862E7F00D22B79 /* Project object */ = {
			isa = PBXProject;
			attributes = {
				BuildIndependentTargetsInParallel = 1;
				LastSwiftUpdateCheck = 1620;
				LastUpgradeCheck = 2640;
				TargetAttributes = {
					3F632B722F862E7F00D22B79 = {
						CreatedOnToolsVersion = 16.2;
					};
					3F632B822F862E8000D22B79 = {
						CreatedOnToolsVersion = 16.2;
						TestTargetID = 3F632B722F862E7F00D22B79;
					};
					3F632B8C2F862E8000D22B79 = {
						CreatedOnToolsVersion = 16.2;
						TestTargetID = 3F632B722F862E7F00D22B79;
					};
				};
			};
			buildConfigurationList = 3F632B6E2F862E7F00D22B79 /* Build configuration list for PBXProject "FYTRR 2026" */;
			developmentRegion = en;
			hasScannedForEncodings = 0;
			knownRegions = (
				en,
				Base,
			);
			mainGroup = 3F632B6A2F862E7F00D22B79;
			minimizedProjectReferenceProxies = 1;
			packageReferences = (
				3F632BA52F8631F900D22B79 /* XCRemoteSwiftPackageReference "firebase-ios-sdk" */,
			);
			preferredProjectObjectVersion = 77;
			productRefGroup = 3F632B742F862E7F00D22B79 /* Products */;
			projectDirPath = "";
			projectRoot = "";
			targets = (
				3F632B722F862E7F00D22B79 /* FYTRR 2026 */,
				3F632B822F862E8000D22B79 /* FYTRR 2026Tests */,
				3F632B8C2F862E8000D22B79 /* FYTRR 2026UITests */,
			);
		};
/* End PBXProject section */

/* Begin PBXResourcesBuildPhase section */
		3F632B712F862E7F00D22B79 /* Resources */ = {
			isa = PBXResourcesBuildPhase;
			buildActionMask = 2147483647;
			files = (
			);
			runOnlyForDeploymentPostprocessing = 0;
		};
		3F632B812F862E8000D22B79 /* Resources */ = {
			isa = PBXResourcesBuildPhase;
			buildActionMask = 2147483647;
			files = (
			);
			runOnlyForDeploymentPostprocessing = 0;
		};
		3F632B8B2F862E8000D22B79 /* Resources */ = {
			isa = PBXResourcesBuildPhase;
			buildActionMask = 2147483647;
			files = (
			);
			runOnlyForDeploymentPostprocessing = 0;
		};
/* End PBXResourcesBuildPhase section */

/* Begin PBXSourcesBuildPhase section */
		3F632B6F2F862E7F00D22B79 /* Sources */ = {
			isa = PBXSourcesBuildPhase;
			buildActionMask = 2147483647;
			files = (
				3F8D3BCA2F87CED9005A7F6B /* HealthKitManager.swift in Sources */,
				3FC7C2D82F886C1500CC61A3 /* ProfileStore.swift in Sources */,
			);
			runOnlyForDeploymentPostprocessing = 0;
		};
		3F632B7F2F862E8000D22B79 /* Sources */ = {
			isa = PBXSourcesBuildPhase;
			buildActionMask = 2147483647;
			files = (
			);
			runOnlyForDeploymentPostprocessing = 0;
		};
		3F632B892F862E8000D22B79 /* Sources */ = {
			isa = PBXSourcesBuildPhase;
			buildActionMask = 2147483647;
			files = (
			);
			runOnlyForDeploymentPostprocessing = 0;
		};
/* End PBXSourcesBuildPhase section */

/* Begin PBXTargetDependency section */
		3F632B852F862E8000D22B79 /* PBXTargetDependency */ = {
			isa = PBXTargetDependency;
			target = 3F632B722F862E7F00D22B79 /* FYTRR 2026 */;
			targetProxy = 3F632B842F862E8000D22B79 /* PBXContainerItemProxy */;
		};
		3F632B8F2F862E8000D22B79 /* PBXTargetDependency */ = {
			isa = PBXTargetDependency;
			target = 3F632B722F862E7F00D22B79 /* FYTRR 2026 */;
			targetProxy = 3F632B8E2F862E8000D22B79 /* PBXContainerItemProxy */;
		};
/* End PBXTargetDependency section */

/* Begin XCBuildConfiguration section */
		3F632B952F862E8000D22B79 /* Debug */ = {
			isa = XCBuildConfiguration;
			buildSettings = {
				ALWAYS_SEARCH_USER_PATHS = NO;
				ASSETCATALOG_COMPILER_GENERATE_SWIFT_ASSET_SYMBOL_EXTENSIONS = YES;
				CLANG_ANALYZER_NONNULL = YES;
				CLANG_ANALYZER_NUMBER_OBJECT_CONVERSION = YES_AGGRESSIVE;
				CLANG_CXX_LANGUAGE_STANDARD = "gnu++20";
				CLANG_ENABLE_MODULES = YES;
				CLANG_ENABLE_OBJC_ARC = YES;
				CLANG_ENABLE_OBJC_WEAK = YES;
				CLANG_WARN_BLOCK_CAPTURE_AUTORELEASING = YES;
				CLANG_WARN_BOOL_CONVERSION = YES;
				CLANG_WARN_COMMA = YES;
				CLANG_WARN_CONSTANT_CONVERSION = YES;
				CLANG_WARN_DEPRECATED_OBJC_IMPLEMENTATIONS = YES;
				CLANG_WARN_DIRECT_OBJC_ISA_USAGE = YES_ERROR;
				CLANG_WARN_DOCUMENTATION_COMMENTS = YES;
				CLANG_WARN_EMPTY_BODY = YES;
				CLANG_WARN_ENUM_CONVERSION = YES;
				CLANG_WARN_INFINITE_RECURSION = YES;
				CLANG_WARN_INT_CONVERSION = YES;
				CLANG_WARN_NON_LITERAL_NULL_CONVERSION = YES;
				CLANG_WARN_OBJC_IMPLICIT_RETAIN_SELF = YES;
				CLANG_WARN_OBJC_LITERAL_CONVERSION = YES;
				CLANG_WARN_OBJC_ROOT_CLASS = YES_ERROR;
				CLANG_WARN_QUOTED_INCLUDE_IN_FRAMEWORK_HEADER = YES;
				CLANG_WARN_RANGE_LOOP_ANALYSIS = YES;
				CLANG_WARN_STRICT_PROTOTYPES = YES;
				CLANG_WARN_SUSPICIOUS_MOVE = YES;
				CLANG_WARN_UNGUARDED_AVAILABILITY = YES_AGGRESSIVE;
				CLANG_WARN_UNREACHABLE_CODE = YES;
				CLANG_WARN__DUPLICATE_METHOD_MATCH = YES;
				COPY_PHASE_STRIP = NO;
				DEBUG_INFORMATION_FORMAT = dwarf;
				DEVELOPMENT_TEAM = 4HFLU4272J;
				ENABLE_STRICT_OBJC_MSGSEND = YES;
				ENABLE_TESTABILITY = YES;
				ENABLE_USER_SCRIPT_SANDBOXING = YES;
				GCC_C_LANGUAGE_STANDARD = gnu17;
				GCC_DYNAMIC_NO_PIC = NO;
				GCC_NO_COMMON_BLOCKS = YES;
				GCC_OPTIMIZATION_LEVEL = 0;
				GCC_PREPROCESSOR_DEFINITIONS = (
					"DEBUG=1",
					"$(inherited)",
				);
				GCC_WARN_64_TO_32_BIT_CONVERSION = YES;
				GCC_WARN_ABOUT_RETURN_TYPE = YES_ERROR;
				GCC_WARN_UNDECLARED_SELECTOR = YES;
				GCC_WARN_UNINITIALIZED_AUTOS = YES_AGGRESSIVE;
				GCC_WARN_UNUSED_FUNCTION = YES;
				GCC_WARN_UNUSED_VARIABLE = YES;
				IPHONEOS_DEPLOYMENT_TARGET = 18.2;
				LOCALIZATION_PREFERS_STRING_CATALOGS = YES;
				MTL_ENABLE_DEBUG_INFO = INCLUDE_SOURCE;
				MTL_FAST_MATH = YES;
				ONLY_ACTIVE_ARCH = YES;
				SDKROOT = iphoneos;
				STRING_CATALOG_GENERATE_SYMBOLS = YES;
				SWIFT_ACTIVE_COMPILATION_CONDITIONS = "DEBUG $(inherited)";
				SWIFT_OPTIMIZATION_LEVEL = "-Onone";
			};
			name = Debug;
		};
		3F632B962F862E8000D22B79 /* Release */ = {
			isa = XCBuildConfiguration;
			buildSettings = {
				ALWAYS_SEARCH_USER_PATHS = NO;
				ASSETCATALOG_COMPILER_GENERATE_SWIFT_ASSET_SYMBOL_EXTENSIONS = YES;
				CLANG_ANALYZER_NONNULL = YES;
				CLANG_ANALYZER_NUMBER_OBJECT_CONVERSION = YES_AGGRESSIVE;
				CLANG_CXX_LANGUAGE_STANDARD = "gnu++20";
				CLANG_ENABLE_MODULES = YES;
				CLANG_ENABLE_OBJC_ARC = YES;
				CLANG_ENABLE_OBJC_WEAK = YES;
				CLANG_WARN_BLOCK_CAPTURE_AUTORELEASING = YES;
				CLANG_WARN_BOOL_CONVERSION = YES;
				CLANG_WARN_COMMA = YES;
				CLANG_WARN_CONSTANT_CONVERSION = YES;
				CLANG_WARN_DEPRECATED_OBJC_IMPLEMENTATIONS = YES;
				CLANG_WARN_DIRECT_OBJC_ISA_USAGE = YES_ERROR;
				CLANG_WARN_DOCUMENTATION_COMMENTS = YES;
				CLANG_WARN_EMPTY_BODY = YES;
				CLANG_WARN_ENUM_CONVERSION = YES;
				CLANG_WARN_INFINITE_RECURSION = YES;
				CLANG_WARN_INT_CONVERSION = YES;
				CLANG_WARN_NON_LITERAL_NULL_CONVERSION = YES;
				CLANG_WARN_OBJC_IMPLICIT_RETAIN_SELF = YES;
				CLANG_WARN_OBJC_LITERAL_CONVERSION = YES;
				CLANG_WARN_OBJC_ROOT_CLASS = YES_ERROR;
				CLANG_WARN_QUOTED_INCLUDE_IN_FRAMEWORK_HEADER = YES;
				CLANG_WARN_RANGE_LOOP_ANALYSIS = YES;
				CLANG_WARN_STRICT_PROTOTYPES = YES;
				CLANG_WARN_SUSPICIOUS_MOVE = YES;
				CLANG_WARN_UNGUARDED_AVAILABILITY = YES_AGGRESSIVE;
				CLANG_WARN_UNREACHABLE_CODE = YES;
				CLANG_WARN__DUPLICATE_METHOD_MATCH = YES;
				COPY_PHASE_STRIP = NO;
				DEBUG_INFORMATION_FORMAT = "dwarf-with-dsym";
				DEVELOPMENT_TEAM = 4HFLU4272J;
				ENABLE_NS_ASSERTIONS = NO;
				ENABLE_STRICT_OBJC_MSGSEND = YES;
				ENABLE_USER_SCRIPT_SANDBOXING = YES;
				GCC_C_LANGUAGE_STANDARD = gnu17;
				GCC_NO_COMMON_BLOCKS = YES;
				GCC_WARN_64_TO_32_BIT_CONVERSION = YES;
				GCC_WARN_ABOUT_RETURN_TYPE = YES_ERROR;
				GCC_WARN_UNDECLARED_SELECTOR = YES;
				GCC_WARN_UNINITIALIZED_AUTOS = YES_AGGRESSIVE;
				GCC_WARN_UNUSED_FUNCTION = YES;
				GCC_WARN_UNUSED_VARIABLE = YES;
				IPHONEOS_DEPLOYMENT_TARGET = 18.2;
				LOCALIZATION_PREFERS_STRING_CATALOGS = YES;
				MTL_ENABLE_DEBUG_INFO = NO;
				MTL_FAST_MATH = YES;
				SDKROOT = iphoneos;
				STRING_CATALOG_GENERATE_SYMBOLS = YES;
				SWIFT_COMPILATION_MODE = wholemodule;
				VALIDATE_PRODUCT = YES;
			};
			name = Release;
		};
		3F632B982F862E8000D22B79 /* Debug */ = {
			isa = XCBuildConfiguration;
			buildSettings = {
				ASSETCATALOG_COMPILER_APPICON_NAME = AppIcon;
				ASSETCATALOG_COMPILER_GLOBAL_ACCENT_COLOR_NAME = AccentColor;
				CODE_SIGN_ENTITLEMENTS = "FYTRR 2026/FYTRR 2026.entitlements";
				CODE_SIGN_IDENTITY = "Apple Development";
				CODE_SIGN_STYLE = Automatic;
				CURRENT_PROJECT_VERSION = 3;
				DEVELOPMENT_ASSET_PATHS = "\"FYTRR 2026/Preview Content\"";
				DEVELOPMENT_TEAM = 4HFLU4272J;
				ENABLE_PREVIEWS = YES;
				GENERATE_INFOPLIST_FILE = YES;
				INFOPLIST_FILE = "FYTRR-2026-Info.plist";
				INFOPLIST_KEY_CFBundleDisplayName = FYTRR;
				INFOPLIST_KEY_LSApplicationCategoryType = "public.app-category.healthcare-fitness";
				INFOPLIST_KEY_NSHealthShareUsageDescription = "FYTRR reads Health data to show sleep and training strain metrics.";
				INFOPLIST_KEY_NSHealthUpdateUsageDescription = "FYTRR writes workout nutrition and recovery insights to Health when you choose to sync.";
				INFOPLIST_KEY_NSLocationWhenInUseUsageDescription = "FYTRR uses your location to find healthier food nearby.";
				INFOPLIST_KEY_UIApplicationSceneManifest_Generation = YES;
				INFOPLIST_KEY_UIApplicationSupportsIndirectInputEvents = YES;
				INFOPLIST_KEY_UILaunchScreen_Generation = YES;
				INFOPLIST_KEY_UISupportedInterfaceOrientations_iPad = "UIInterfaceOrientationPortrait UIInterfaceOrientationPortraitUpsideDown UIInterfaceOrientationLandscapeLeft UIInterfaceOrientationLandscapeRight";
				INFOPLIST_KEY_UISupportedInterfaceOrientations_iPhone = "UIInterfaceOrientationPortrait UIInterfaceOrientationLandscapeLeft UIInterfaceOrientationLandscapeRight";
				INFOPLIST_KEY_YELP_API_KEY = YOUR_YELP_API_KEY;
				LD_RUNPATH_SEARCH_PATHS = (
					"$(inherited)",
					"@executable_path/Frameworks",
				);
				MARKETING_VERSION = 1.0;
				PRODUCT_BUNDLE_IDENTIFIER = "com.edwinmendoza.FYTRR-2026";
				PRODUCT_NAME = "$(TARGET_NAME)";
				PROVISIONING_PROFILE_SPECIFIER = "";
				SWIFT_EMIT_LOC_STRINGS = YES;
				SWIFT_VERSION = 5.0;
				TARGETED_DEVICE_FAMILY = "1,2";
			};
			name = Debug;
		};
		3F632B992F862E8000D22B79 /* Release */ = {
			isa = XCBuildConfiguration;
			buildSettings = {
				ASSETCATALOG_COMPILER_APPICON_NAME = AppIcon;
				ASSETCATALOG_COMPILER_GLOBAL_ACCENT_COLOR_NAME = AccentColor;
				CODE_SIGN_ENTITLEMENTS = "FYTRR 2026/FYTRR 2026.entitlements";
				CODE_SIGN_IDENTITY = "Apple Development";
				CODE_SIGN_STYLE = Automatic;
				CURRENT_PROJECT_VERSION = 3;
				DEVELOPMENT_ASSET_PATHS = "\"FYTRR 2026/Preview Content\"";
				DEVELOPMENT_TEAM = 4HFLU4272J;
				ENABLE_PREVIEWS = YES;
				GENERATE_INFOPLIST_FILE = YES;
				INFOPLIST_FILE = "FYTRR-2026-Info.plist";
				INFOPLIST_KEY_CFBundleDisplayName = FYTRR;
				INFOPLIST_KEY_LSApplicationCategoryType = "public.app-category.healthcare-fitness";
				INFOPLIST_KEY_NSHealthShareUsageDescription = "FYTRR reads Health data to show sleep and training strain metrics.";
				INFOPLIST_KEY_NSHealthUpdateUsageDescription = "FYTRR writes workout nutrition and recovery insights to Health when you choose to sync.";
				INFOPLIST_KEY_NSLocationWhenInUseUsageDescription = "FYTRR uses your location to find healthier food nearby.";
				INFOPLIST_KEY_UIApplicationSceneManifest_Generation = YES;
				INFOPLIST_KEY_UIApplicationSupportsIndirectInputEvents = YES;
				INFOPLIST_KEY_UILaunchScreen_Generation = YES;
				INFOPLIST_KEY_UISupportedInterfaceOrientations_iPad = "UIInterfaceOrientationPortrait UIInterfaceOrientationPortraitUpsideDown UIInterfaceOrientationLandscapeLeft UIInterfaceOrientationLandscapeRight";
				INFOPLIST_KEY_UISupportedInterfaceOrientations_iPhone = "UIInterfaceOrientationPortrait UIInterfaceOrientationLandscapeLeft UIInterfaceOrientationLandscapeRight";
				INFOPLIST_KEY_YELP_API_KEY = YOUR_YELP_API_KEY;
				LD_RUNPATH_SEARCH_PATHS = (
					"$(inherited)",
					"@executable_path/Frameworks",
				);
				MARKETING_VERSION = 1.0;
				PRODUCT_BUNDLE_IDENTIFIER = "com.edwinmendoza.FYTRR-2026";
				PRODUCT_NAME = "$(TARGET_NAME)";
				PROVISIONING_PROFILE_SPECIFIER = "";
				SWIFT_EMIT_LOC_STRINGS = YES;
				SWIFT_VERSION = 5.0;
				TARGETED_DEVICE_FAMILY = "1,2";
			};
			name = Release;
		};
		3F632B9B2F862E8000D22B79 /* Debug */ = {
			isa = XCBuildConfiguration;
			buildSettings = {
				BUNDLE_LOADER = "$(TEST_HOST)";
				CODE_SIGN_STYLE = Automatic;
				CURRENT_PROJECT_VERSION = 3;
				GENERATE_INFOPLIST_FILE = YES;
				IPHONEOS_DEPLOYMENT_TARGET = 18.2;
				MARKETING_VERSION = 1.0;
				PRODUCT_BUNDLE_IDENTIFIER = "com.edwinmendoza.FYTRR-2026Tests";
				PRODUCT_NAME = "$(TARGET_NAME)";
				SWIFT_EMIT_LOC_STRINGS = NO;
				SWIFT_VERSION = 5.0;
				TARGETED_DEVICE_FAMILY = "1,2";
				TEST_HOST = "$(BUILT_PRODUCTS_DIR)/FYTRR 2026.app/$(BUNDLE_EXECUTABLE_FOLDER_PATH)/FYTRR 2026";
			};
			name = Debug;
		};
		3F632B9C2F862E8000D22B79 /* Release */ = {
			isa = XCBuildConfiguration;
			buildSettings = {
				BUNDLE_LOADER = "$(TEST_HOST)";
				CODE_SIGN_STYLE = Automatic;
				CURRENT_PROJECT_VERSION = 3;
				GENERATE_INFOPLIST_FILE = YES;
				IPHONEOS_DEPLOYMENT_TARGET = 18.2;
				MARKETING_VERSION = 1.0;
				PRODUCT_BUNDLE_IDENTIFIER = "com.edwinmendoza.FYTRR-2026Tests";
				PRODUCT_NAME = "$(TARGET_NAME)";
				SWIFT_EMIT_LOC_STRINGS = NO;
				SWIFT_VERSION = 5.0;
				TARGETED_DEVICE_FAMILY = "1,2";
				TEST_HOST = "$(BUILT_PRODUCTS_DIR)/FYTRR 2026.app/$(BUNDLE_EXECUTABLE_FOLDER_PATH)/FYTRR 2026";
			};
			name = Release;
		};
		3F632B9E2F862E8000D22B79 /* Debug */ = {
			isa = XCBuildConfiguration;
			buildSettings = {
				CODE_SIGN_STYLE = Automatic;
				CURRENT_PROJECT_VERSION = 3;
				GENERATE_INFOPLIST_FILE = YES;
				MARKETING_VERSION = 1.0;
				PRODUCT_BUNDLE_IDENTIFIER = "com.edwinmendoza.FYTRR-2026UITests";
				PRODUCT_NAME = "$(TARGET_NAME)";
				SWIFT_EMIT_LOC_STRINGS = NO;
				SWIFT_VERSION = 5.0;
				TARGETED_DEVICE_FAMILY = "1,2";
				TEST_TARGET_NAME = "FYTRR 2026";
			};
			name = Debug;
		};
		3F632B9F2F862E8000D22B79 /* Release */ = {
			isa = XCBuildConfiguration;
			buildSettings = {
				CODE_SIGN_STYLE = Automatic;
				CURRENT_PROJECT_VERSION = 3;
				GENERATE_INFOPLIST_FILE = YES;
				MARKETING_VERSION = 1.0;
				PRODUCT_BUNDLE_IDENTIFIER = "com.edwinmendoza.FYTRR-2026UITests";
				PRODUCT_NAME = "$(TARGET_NAME)";
				SWIFT_EMIT_LOC_STRINGS = NO;
				SWIFT_VERSION = 5.0;
				TARGETED_DEVICE_FAMILY = "1,2";
				TEST_TARGET_NAME = "FYTRR 2026";
			};
			name = Release;
		};
/* End XCBuildConfiguration section */

/* Begin XCConfigurationList section */
		3F632B6E2F862E7F00D22B79 /* Build configuration list for PBXProject "FYTRR 2026" */ = {
			isa = XCConfigurationList;
			buildConfigurations = (
				3F632B952F862E8000D22B79 /* Debug */,
				3F632B962F862E8000D22B79 /* Release */,
			);
			defaultConfigurationIsVisible = 0;
			defaultConfigurationName = Release;
		};
		3F632B972F862E8000D22B79 /* Build configuration list for PBXNativeTarget "FYTRR 2026" */ = {
			isa = XCConfigurationList;
			buildConfigurations = (
				3F632B982F862E8000D22B79 /* Debug */,
				3F632B992F862E8000D22B79 /* Release */,
			);
			defaultConfigurationIsVisible = 0;
			defaultConfigurationName = Release;
		};
		3F632B9A2F862E8000D22B79 /* Build configuration list for PBXNativeTarget "FYTRR 2026Tests" */ = {
			isa = XCConfigurationList;
			buildConfigurations = (
				3F632B9B2F862E8000D22B79 /* Debug */,
				3F632B9C2F862E8000D22B79 /* Release */,
			);
			defaultConfigurationIsVisible = 0;
			defaultConfigurationName = Release;
		};
		3F632B9D2F862E8000D22B79 /* Build configuration list for PBXNativeTarget "FYTRR 2026UITests" */ = {
			isa = XCConfigurationList;
			buildConfigurations = (
				3F632B9E2F862E8000D22B79 /* Debug */,
				3F632B9F2F862E8000D22B79 /* Release */,
			);
			defaultConfigurationIsVisible = 0;
			defaultConfigurationName = Release;
		};
/* End XCConfigurationList section */

/* Begin XCRemoteSwiftPackageReference section */
		3F632BA52F8631F900D22B79 /* XCRemoteSwiftPackageReference "firebase-ios-sdk" */ = {
			isa = XCRemoteSwiftPackageReference;
			repositoryURL = "https://github.com/firebase/firebase-ios-sdk";
			requirement = {
				kind = upToNextMajorVersion;
				minimumVersion = 12.12.0;
			};
		};
/* End XCRemoteSwiftPackageReference section */

/* Begin XCSwiftPackageProductDependency section */
		3F632BBC2F8634FF00D22B79 /* FirebaseAuth */ = {
			isa = XCSwiftPackageProductDependency;
			package = 3F632BA52F8631F900D22B79 /* XCRemoteSwiftPackageReference "firebase-ios-sdk" */;
			productName = FirebaseAuth;
		};
		3F632BBE2F8634FF00D22B79 /* FirebaseCore */ = {
			isa = XCSwiftPackageProductDependency;
			package = 3F632BA52F8631F900D22B79 /* XCRemoteSwiftPackageReference "firebase-ios-sdk" */;
			productName = FirebaseCore;
		};
		3F632BC02F8634FF00D22B79 /* FirebaseFirestore */ = {
			isa = XCSwiftPackageProductDependency;
			package = 3F632BA52F8631F900D22B79 /* XCRemoteSwiftPackageReference "firebase-ios-sdk" */;
			productName = FirebaseFirestore;
		};
/* End XCSwiftPackageProductDependency section */
	};
	rootObject = 3F632B6B2F862E7F00D22B79 /* Project object */;
}
